
Microsoft Visual Studio Solution File, Format Version 12.00
# Visual Studio 2015
Project("{FAE04EC0-301F-11D3-BF4B-00C04F79EFBC}") = "Gehoortraining (Boring Game).CSharp", "Gehoortraining (Boring Game).CSharp.csproj", "{C09F4B3F-4C47-8D64-68A5-3CCD96B3BC5E}"
EndProject
Global
	GlobalSection(SolutionConfigurationPlatforms) = preSolution
		Debug|Any CPU = Debug|Any CPU
		Release|Any CPU = Release|Any CPU
	EndGlobalSection
	GlobalSection(ProjectConfigurationPlatforms) = postSolution
		{C09F4B3F-4C47-8D64-68A5-3CCD96B3BC5E}.Debug|Any CPU.ActiveCfg = Debug|Any CPU
		{C09F4B3F-4C47-8D64-68A5-3CCD96B3BC5E}.Debug|Any CPU.Build.0 = Debug|Any CPU
		{C09F4B3F-4C47-8D64-68A5-3CCD96B3BC5E}.Release|Any CPU.ActiveCfg = Release|Any CPU
		{C09F4B3F-4C47-8D64-68A5-3CCD96B3BC5E}.Release|Any CPU.Build.0 = Release|Any CPU
	EndGlobalSection
	GlobalSection(SolutionProperties) = preSolution
		HideSolutionNode = FALSE
	EndGlobalSection
EndGlobal
